
Microsoft Visual Studio Solution File, Format Version 12.00
# Visual Studio Version 17
VisualStudioVersion = 17.0.31612.314
MinimumVisualStudioVersion = 15.0.26124.0
Project("{9A19103F-16F7-4668-BE54-9A1E7A4F7556}") = "Razor.Templating.Core", "src\Razor.Templating.Core\Razor.Templating.Core.csproj", "{9072E376-CDB8-42E8-81A3-807E91F75B32}"
EndProject
Project("{2150E333-8FDC-42A3-9474-1A3956D46DE8}") = "Solution Items", "Solution Items", "{3EBFC0DA-02BB-4759-B246-8FF9C11179BE}"
	ProjectSection(SolutionItems) = preProject
		.editorconfig = .editorconfig
		.github\workflows\dotnetcore.yml = .github\workflows\dotnetcore.yml
		LICENSE = LICENSE
		README.md = README.md
	EndProjectSection
EndProject
Project("{2150E333-8FDC-42A3-9474-1A3956D46DE8}") = "Examples", "Examples", "{AD88CAC8-F022-4702-8073-8E6EF62AADD7}"
EndProject
Project("{2150E333-8FDC-42A3-9474-1A3956D46DE8}") = "Core", "Core", "{C6E8ABD2-AE4D-4088-B1FE-3C6593D08211}"
EndProject
Project("{2150E333-8FDC-42A3-9474-1A3956D46DE8}") = "Test", "Test", "{CD363F56-4887-4824-9177-30B8C675F27A}"
EndProject
Project("{2150E333-8FDC-42A3-9474-1A3956D46DE8}") = "Api", "Api", "{08B94DF1-05A5-436C-9383-D9867A294733}"
EndProject
Project("{9A19103F-16F7-4668-BE54-9A1E7A4F7556}") = "Razor.Templating.Core.Test", "test\Razor.Templating.Core.Test\Razor.Templating.Core.Test.csproj", "{731398EA-73BD-402D-86E6-91ECBFEDCEC8}"
EndProject
Project("{2150E333-8FDC-42A3-9474-1A3956D46DE8}") = "Templates", "Templates", "{874C1D0D-2659-4418-B564-676F61B0168E}"
EndProject
Project("{9A19103F-16F7-4668-BE54-9A1E7A4F7556}") = "ExampleRazorTemplatesLibrary", "examples\Templates\ExampleAppRazorTemplates\ExampleRazorTemplatesLibrary.csproj", "{266D13BE-60E1-4274-A816-ED455D9BF48E}"
EndProject
Project("{2150E333-8FDC-42A3-9474-1A3956D46DE8}") = "Console", "Console", "{EC3ABEC2-EAEA-4832-852E-2A0993BEAB6B}"
EndProject
Project("{2150E333-8FDC-42A3-9474-1A3956D46DE8}") = "Mvc", "Mvc", "{1C91D7E6-F2B9-4F58-BCA8-8E428698CB2F}"
EndProject
Project("{2150E333-8FDC-42A3-9474-1A3956D46DE8}") = "WorkerService", "WorkerService", "{3802C5CE-A5DE-47F1-8942-63B275CF7B10}"
EndProject
Project("{2150E333-8FDC-42A3-9474-1A3956D46DE8}") = "AzureFunctions", "AzureFunctions", "{D301739A-C3C1-4BC7-A595-B9E5E33006E7}"
EndProject
Project("{9A19103F-16F7-4668-BE54-9A1E7A4F7556}") = "ExampleWebApiApp.Net6_0", "examples\Api\ExampleWebApiApp.Net6_0\ExampleWebApiApp.Net6_0.csproj", "{A3D90CD7-2F86-4025-895A-6274F551BD10}"
EndProject
Project("{9A19103F-16F7-4668-BE54-9A1E7A4F7556}") = "ExampleWorkerService.Net6_0", "examples\WorkerService\ExampleWorkerService.Net6_0\ExampleWorkerService.Net6_0.csproj", "{6904C2FE-5FCB-4270-8436-9992BA3EA5C4}"
EndProject
Project("{9A19103F-16F7-4668-BE54-9A1E7A4F7556}") = "ExampleConsoleApp.Net6_0", "examples\Console\ExampleConsoleApp.Net6_0\ExampleConsoleApp.Net6_0.csproj", "{4A350F05-7C4A-487D-BACF-CB2E28B30878}"
EndProject
Project("{9A19103F-16F7-4668-BE54-9A1E7A4F7556}") = "ExampleAzureFunction.Net6.0", "examples\AzureFunction\ExampleAzureFunction.Net6.0\ExampleAzureFunction.Net6.0.csproj", "{A9262317-1042-45FF-B2C0-997D48FB450E}"
EndProject
Project("{9A19103F-16F7-4668-BE54-9A1E7A4F7556}") = "ExampleWebApp.Net6_0", "examples\Mvc\ExampleWebApp.Net6_0\ExampleWebApp.Net6_0.csproj", "{5F65F2B4-F330-49C7-B410-ED791322A0E7}"
EndProject
Project("{FAE04EC0-301F-11D3-BF4B-00C04F79EFBC}") = "ExampleMinApiApp.Net6_0", "examples\Api\ExampleMinApiApp.Net6_0\ExampleMinApiApp.Net6_0.csproj", "{6A16ECC1-3883-4EF8-8224-E50AF071A478}"
EndProject
Global
	GlobalSection(SolutionConfigurationPlatforms) = preSolution
		Debug|Any CPU = Debug|Any CPU
		Release|Any CPU = Release|Any CPU
	EndGlobalSection
	GlobalSection(ProjectConfigurationPlatforms) = postSolution
		{9072E376-CDB8-42E8-81A3-807E91F75B32}.Debug|Any CPU.ActiveCfg = Debug|Any CPU
		{9072E376-CDB8-42E8-81A3-807E91F75B32}.Debug|Any CPU.Build.0 = Debug|Any CPU
		{9072E376-CDB8-42E8-81A3-807E91F75B32}.Release|Any CPU.ActiveCfg = Release|Any CPU
		{9072E376-CDB8-42E8-81A3-807E91F75B32}.Release|Any CPU.Build.0 = Release|Any CPU
		{731398EA-73BD-402D-86E6-91ECBFEDCEC8}.Debug|Any CPU.ActiveCfg = Debug|Any CPU
		{731398EA-73BD-402D-86E6-91ECBFEDCEC8}.Debug|Any CPU.Build.0 = Debug|Any CPU
		{731398EA-73BD-402D-86E6-91ECBFEDCEC8}.Release|Any CPU.ActiveCfg = Release|Any CPU
		{731398EA-73BD-402D-86E6-91ECBFEDCEC8}.Release|Any CPU.Build.0 = Release|Any CPU
		{266D13BE-60E1-4274-A816-ED455D9BF48E}.Debug|Any CPU.ActiveCfg = Debug|Any CPU
		{266D13BE-60E1-4274-A816-ED455D9BF48E}.Debug|Any CPU.Build.0 = Debug|Any CPU
		{266D13BE-60E1-4274-A816-ED455D9BF48E}.Release|Any CPU.ActiveCfg = Release|Any CPU
		{266D13BE-60E1-4274-A816-ED455D9BF48E}.Release|Any CPU.Build.0 = Release|Any CPU
		{A3D90CD7-2F86-4025-895A-6274F551BD10}.Debug|Any CPU.ActiveCfg = Debug|Any CPU
		{A3D90CD7-2F86-4025-895A-6274F551BD10}.Debug|Any CPU.Build.0 = Debug|Any CPU
		{A3D90CD7-2F86-4025-895A-6274F551BD10}.Release|Any CPU.ActiveCfg = Release|Any CPU
		{A3D90CD7-2F86-4025-895A-6274F551BD10}.Release|Any CPU.Build.0 = Release|Any CPU
		{6904C2FE-5FCB-4270-8436-9992BA3EA5C4}.Debug|Any CPU.ActiveCfg = Debug|Any CPU
		{6904C2FE-5FCB-4270-8436-9992BA3EA5C4}.Debug|Any CPU.Build.0 = Debug|Any CPU
		{6904C2FE-5FCB-4270-8436-9992BA3EA5C4}.Release|Any CPU.ActiveCfg = Release|Any CPU
		{6904C2FE-5FCB-4270-8436-9992BA3EA5C4}.Release|Any CPU.Build.0 = Release|Any CPU
		{4A350F05-7C4A-487D-BACF-CB2E28B30878}.Debug|Any CPU.ActiveCfg = Debug|Any CPU
		{4A350F05-7C4A-487D-BACF-CB2E28B30878}.Debug|Any CPU.Build.0 = Debug|Any CPU
		{4A350F05-7C4A-487D-BACF-CB2E28B30878}.Release|Any CPU.ActiveCfg = Release|Any CPU
		{4A350F05-7C4A-487D-BACF-CB2E28B30878}.Release|Any CPU.Build.0 = Release|Any CPU
		{A9262317-1042-45FF-B2C0-997D48FB450E}.Debug|Any CPU.ActiveCfg = Debug|Any CPU
		{A9262317-1042-45FF-B2C0-997D48FB450E}.Debug|Any CPU.Build.0 = Debug|Any CPU
		{A9262317-1042-45FF-B2C0-997D48FB450E}.Release|Any CPU.ActiveCfg = Release|Any CPU
		{A9262317-1042-45FF-B2C0-997D48FB450E}.Release|Any CPU.Build.0 = Release|Any CPU
		{5F65F2B4-F330-49C7-B410-ED791322A0E7}.Debug|Any CPU.ActiveCfg = Debug|Any CPU
		{5F65F2B4-F330-49C7-B410-ED791322A0E7}.Debug|Any CPU.Build.0 = Debug|Any CPU
		{5F65F2B4-F330-49C7-B410-ED791322A0E7}.Release|Any CPU.ActiveCfg = Release|Any CPU
		{5F65F2B4-F330-49C7-B410-ED791322A0E7}.Release|Any CPU.Build.0 = Release|Any CPU
		{6A16ECC1-3883-4EF8-8224-E50AF071A478}.Debug|Any CPU.ActiveCfg = Debug|Any CPU
		{6A16ECC1-3883-4EF8-8224-E50AF071A478}.Debug|Any CPU.Build.0 = Debug|Any CPU
		{6A16ECC1-3883-4EF8-8224-E50AF071A478}.Release|Any CPU.ActiveCfg = Release|Any CPU
		{6A16ECC1-3883-4EF8-8224-E50AF071A478}.Release|Any CPU.Build.0 = Release|Any CPU
	EndGlobalSection
	GlobalSection(SolutionProperties) = preSolution
		HideSolutionNode = FALSE
	EndGlobalSection
	GlobalSection(NestedProjects) = preSolution
		{9072E376-CDB8-42E8-81A3-807E91F75B32} = {C6E8ABD2-AE4D-4088-B1FE-3C6593D08211}
		{08B94DF1-05A5-436C-9383-D9867A294733} = {AD88CAC8-F022-4702-8073-8E6EF62AADD7}
		{731398EA-73BD-402D-86E6-91ECBFEDCEC8} = {CD363F56-4887-4824-9177-30B8C675F27A}
		{874C1D0D-2659-4418-B564-676F61B0168E} = {AD88CAC8-F022-4702-8073-8E6EF62AADD7}
		{266D13BE-60E1-4274-A816-ED455D9BF48E} = {874C1D0D-2659-4418-B564-676F61B0168E}
		{EC3ABEC2-EAEA-4832-852E-2A0993BEAB6B} = {AD88CAC8-F022-4702-8073-8E6EF62AADD7}
		{1C91D7E6-F2B9-4F58-BCA8-8E428698CB2F} = {AD88CAC8-F022-4702-8073-8E6EF62AADD7}
		{3802C5CE-A5DE-47F1-8942-63B275CF7B10} = {AD88CAC8-F022-4702-8073-8E6EF62AADD7}
		{D301739A-C3C1-4BC7-A595-B9E5E33006E7} = {AD88CAC8-F022-4702-8073-8E6EF62AADD7}
		{A3D90CD7-2F86-4025-895A-6274F551BD10} = {08B94DF1-05A5-436C-9383-D9867A294733}
		{6904C2FE-5FCB-4270-8436-9992BA3EA5C4} = {3802C5CE-A5DE-47F1-8942-63B275CF7B10}
		{4A350F05-7C4A-487D-BACF-CB2E28B30878} = {EC3ABEC2-EAEA-4832-852E-2A0993BEAB6B}
		{A9262317-1042-45FF-B2C0-997D48FB450E} = {D301739A-C3C1-4BC7-A595-B9E5E33006E7}
		{5F65F2B4-F330-49C7-B410-ED791322A0E7} = {1C91D7E6-F2B9-4F58-BCA8-8E428698CB2F}
		{6A16ECC1-3883-4EF8-8224-E50AF071A478} = {08B94DF1-05A5-436C-9383-D9867A294733}
	EndGlobalSection
	GlobalSection(ExtensibilityGlobals) = postSolution
		SolutionGuid = {73728C09-FCFE-43D7-BEF4-B24DF6A38562}
	EndGlobalSection
EndGlobal
