
Microsoft Visual Studio Solution File, Format Version 12.00
# Visual Studio Version 16
VisualStudioVersion = 16.0.30114.105
MinimumVisualStudioVersion = 10.0.40219.1
Project("{FAE04EC0-301F-11D3-BF4B-00C04F79EFBC}") = "HtmlToPdf.Api", "HtmlToPdf.Api\HtmlToPdf.Api.csproj", "{755ED3F6-455A-4BC2-BE8C-12BA45C8E7B2}"
EndProject
Project("{FAE04EC0-301F-11D3-BF4B-00C04F79EFBC}") = "HtmlToPdf.Template", "HtmlToPdf.Template\HtmlToPdf.Template.csproj", "{A4F68F3B-BCFA-4A59-910C-651279503938}"
EndProject
Global
	GlobalSection(SolutionConfigurationPlatforms) = preSolution
		Debug|Any CPU = Debug|Any CPU
		Debug|x64 = Debug|x64
		Debug|x86 = Debug|x86
		Release|Any CPU = Release|Any CPU
		Release|x64 = Release|x64
		Release|x86 = Release|x86
	EndGlobalSection
	GlobalSection(ProjectConfigurationPlatforms) = postSolution
		{755ED3F6-455A-4BC2-BE8C-12BA45C8E7B2}.Debug|Any CPU.ActiveCfg = Debug|Any CPU
		{755ED3F6-455A-4BC2-BE8C-12BA45C8E7B2}.Debug|Any CPU.Build.0 = Debug|Any CPU
		{755ED3F6-455A-4BC2-BE8C-12BA45C8E7B2}.Debug|x64.ActiveCfg = Debug|Any CPU
		{755ED3F6-455A-4BC2-BE8C-12BA45C8E7B2}.Debug|x64.Build.0 = Debug|Any CPU
		{755ED3F6-455A-4BC2-BE8C-12BA45C8E7B2}.Debug|x86.ActiveCfg = Debug|Any CPU
		{755ED3F6-455A-4BC2-BE8C-12BA45C8E7B2}.Debug|x86.Build.0 = Debug|Any CPU
		{755ED3F6-455A-4BC2-BE8C-12BA45C8E7B2}.Release|Any CPU.ActiveCfg = Release|Any CPU
		{755ED3F6-455A-4BC2-BE8C-12BA45C8E7B2}.Release|Any CPU.Build.0 = Release|Any CPU
		{755ED3F6-455A-4BC2-BE8C-12BA45C8E7B2}.Release|x64.ActiveCfg = Release|Any CPU
		{755ED3F6-455A-4BC2-BE8C-12BA45C8E7B2}.Release|x64.Build.0 = Release|Any CPU
		{755ED3F6-455A-4BC2-BE8C-12BA45C8E7B2}.Release|x86.ActiveCfg = Release|Any CPU
		{755ED3F6-455A-4BC2-BE8C-12BA45C8E7B2}.Release|x86.Build.0 = Release|Any CPU
		{A4F68F3B-BCFA-4A59-910C-651279503938}.Debug|Any CPU.ActiveCfg = Debug|Any CPU
		{A4F68F3B-BCFA-4A59-910C-651279503938}.Debug|Any CPU.Build.0 = Debug|Any CPU
		{A4F68F3B-BCFA-4A59-910C-651279503938}.Debug|x64.ActiveCfg = Debug|Any CPU
		{A4F68F3B-BCFA-4A59-910C-651279503938}.Debug|x64.Build.0 = Debug|Any CPU
		{A4F68F3B-BCFA-4A59-910C-651279503938}.Debug|x86.ActiveCfg = Debug|Any CPU
		{A4F68F3B-BCFA-4A59-910C-651279503938}.Debug|x86.Build.0 = Debug|Any CPU
		{A4F68F3B-BCFA-4A59-910C-651279503938}.Release|Any CPU.ActiveCfg = Release|Any CPU
		{A4F68F3B-BCFA-4A59-910C-651279503938}.Release|Any CPU.Build.0 = Release|Any CPU
		{A4F68F3B-BCFA-4A59-910C-651279503938}.Release|x64.ActiveCfg = Release|Any CPU
		{A4F68F3B-BCFA-4A59-910C-651279503938}.Release|x64.Build.0 = Release|Any CPU
		{A4F68F3B-BCFA-4A59-910C-651279503938}.Release|x86.ActiveCfg = Release|Any CPU
		{A4F68F3B-BCFA-4A59-910C-651279503938}.Release|x86.Build.0 = Release|Any CPU
	EndGlobalSection
	GlobalSection(SolutionProperties) = preSolution
		HideSolutionNode = FALSE
	EndGlobalSection
	GlobalSection(ExtensibilityGlobals) = postSolution
		SolutionGuid = {618B4576-4EF7-4F43-BBA7-A85BAE50ACA8}
	EndGlobalSection
EndGlobal
