
Microsoft Visual Studio Solution File, Format Version 12.00
# Visual Studio Version 16
VisualStudioVersion = 16.0.29728.190
MinimumVisualStudioVersion = 10.0.40219.1
Project("{FAE04EC0-301F-11D3-BF4B-00C04F79EFBC}") = "Razor.Templates", "Razor.Templates\Razor.Templates.csproj", "{C64A9683-C15A-49D0-A4EC-2E663B6DF6E7}"
EndProject
Project("{FAE04EC0-301F-11D3-BF4B-00C04F79EFBC}") = "Razor.Templating.Example.Invoice", "Razor.Templating.Example.Invoice\Razor.Templating.Example.Invoice.csproj", "{B1525F5D-2D1F-4928-8CB1-DB99A1054D0B}"
EndProject
Global
	GlobalSection(SolutionConfigurationPlatforms) = preSolution
		Debug|Any CPU = Debug|Any CPU
		Release|Any CPU = Release|Any CPU
	EndGlobalSection
	GlobalSection(ProjectConfigurationPlatforms) = postSolution
		{C64A9683-C15A-49D0-A4EC-2E663B6DF6E7}.Debug|Any CPU.ActiveCfg = Debug|Any CPU
		{C64A9683-C15A-49D0-A4EC-2E663B6DF6E7}.Debug|Any CPU.Build.0 = Debug|Any CPU
		{C64A9683-C15A-49D0-A4EC-2E663B6DF6E7}.Release|Any CPU.ActiveCfg = Release|Any CPU
		{C64A9683-C15A-49D0-A4EC-2E663B6DF6E7}.Release|Any CPU.Build.0 = Release|Any CPU
		{B1525F5D-2D1F-4928-8CB1-DB99A1054D0B}.Debug|Any CPU.ActiveCfg = Debug|Any CPU
		{B1525F5D-2D1F-4928-8CB1-DB99A1054D0B}.Debug|Any CPU.Build.0 = Debug|Any CPU
		{B1525F5D-2D1F-4928-8CB1-DB99A1054D0B}.Release|Any CPU.ActiveCfg = Release|Any CPU
		{B1525F5D-2D1F-4928-8CB1-DB99A1054D0B}.Release|Any CPU.Build.0 = Release|Any CPU
	EndGlobalSection
	GlobalSection(SolutionProperties) = preSolution
		HideSolutionNode = FALSE
	EndGlobalSection
	GlobalSection(ExtensibilityGlobals) = postSolution
		SolutionGuid = {03326391-C6B9-4D5C-A921-272707580969}
	EndGlobalSection
EndGlobal
